{
  "lockfileVersion": 1,
  "configVersion": 0,
  "workspaces": {
    "": {
      "name": "opencode",
      "dependencies": {
        "@ai-sdk/google": "^2.0.48",
        "@opencode-ai/plugin": "^1.0.164",
        "ai": "^5.0.115",
      },
      "devDependencies": {
        "@types/node": "^25.0.3",
      },
    },
  },
  "packages": {
    "@ai-sdk/gateway": ["@ai-sdk/gateway@2.0.22", "", { "dependencies": { "@ai-sdk/provider": "2.0.0", "@ai-sdk/provider-utils": "3.0.19", "@vercel/oidc": "3.0.5" }, "peerDependencies": { "zod": "^3.25.76 || ^4.1.8" } }, "sha512-6fHjDfCbjfj4vyMExuLei7ir2///E5sNwNZaobdJsJIxJjDSsjzSLGO/aUI7p9eOnB8XctDrDSF5ilwDGpi6eg=="],

    "@ai-sdk/google": ["@ai-sdk/google@2.0.48", "", { "dependencies": { "@ai-sdk/provider": "2.0.0", "@ai-sdk/provider-utils": "3.0.19" }, "peerDependencies": { "zod": "^3.25.76 || ^4.1.8" } }, "sha512-LMzyYEG+RshL13EzQZPvpSuS56Vhm5raC3LGcTwCOQDu4XQycphKT2xrYmzt0odMR+fMka8Sbk/kHA1DcJnu6A=="],

    "@ai-sdk/provider": ["@ai-sdk/provider@2.0.0", "", { "dependencies": { "json-schema": "^0.4.0" } }, "sha512-6o7Y2SeO9vFKB8lArHXehNuusnpddKPk7xqL7T2/b+OvXMRIXUO1rR4wcv1hAFUAT9avGZshty3Wlua/XA7TvA=="],

    "@ai-sdk/provider-utils": ["@ai-sdk/provider-utils@3.0.19", "", { "dependencies": { "@ai-sdk/provider": "2.0.0", "@standard-schema/spec": "^1.0.0", "eventsource-parser": "^3.0.6" }, "peerDependencies": { "zod": "^3.25.76 || ^4.1.8" } }, "sha512-W41Wc9/jbUVXVwCN/7bWa4IKe8MtxO3EyA0Hfhx6grnmiYlCvpI8neSYWFE0zScXJkgA/YK3BRybzgyiXuu6JA=="],

    "@opencode-ai/plugin": ["@opencode-ai/plugin@1.0.164", "", { "dependencies": { "@opencode-ai/sdk": "1.0.164", "zod": "4.1.8" } }, "sha512-b3zLvs/81oAuRPPPw0eLCtYVf63U+Dq+zp6bYtMbb0plt7LgwVeFMA3NEK1JpBuc4cMra1UgvXsDr2R9mLDkIQ=="],

    "@opencode-ai/sdk": ["@opencode-ai/sdk@1.0.164", "", {}, "sha512-TG+bpgL3O4tU/vCOT0THaSL5wJoXc15ErS79NLrEzFj1Igq1a9Mhef3oYZae0zZOI/ZTl/VNswguUeqkBm41pg=="],

    "@opentelemetry/api": ["@opentelemetry/api@1.9.0", "", {}, "sha512-3giAOQvZiH5F9bMlMiv8+GSPMeqg0dbaeo58/0SlA9sxSqZhnUtxzX9/2FzyhS9sWQf5S0GJE0AKBrFqjpeYcg=="],

    "@standard-schema/spec": ["@standard-schema/spec@1.0.0", "", {}, "sha512-m2bOd0f2RT9k8QJx1JN85cZYyH1RqFBdlwtkSlf4tBDYLCiiZnv1fIIwacK6cqwXavOydf0NPToMQgpKq+dVlA=="],

    "@types/node": ["@types/node@25.0.3", "", { "dependencies": { "undici-types": "~7.16.0" } }, "sha512-W609buLVRVmeW693xKfzHeIV6nJGGz98uCPfeXI1ELMLXVeKYZ9m15fAMSaUPBHYLGFsVRcMmSCksQOrZV9BYA=="],

    "@vercel/oidc": ["@vercel/oidc@3.0.5", "", {}, "sha512-fnYhv671l+eTTp48gB4zEsTW/YtRgRPnkI2nT7x6qw5rkI1Lq2hTmQIpHPgyThI0znLK+vX2n9XxKdXZ7BUbbw=="],

    "ai": ["ai@5.0.115", "", { "dependencies": { "@ai-sdk/gateway": "2.0.22", "@ai-sdk/provider": "2.0.0", "@ai-sdk/provider-utils": "3.0.19", "@opentelemetry/api": "1.9.0" }, "peerDependencies": { "zod": "^3.25.76 || ^4.1.8" } }, "sha512-aVuHx0orGxXvhyL7oXUyW8TnWQE6Al8f3Bl6VZjz0WHMV+WaACHPkSyvQ3wje2QCUGzdl5DBF5d+OaXyghPQyg=="],

    "eventsource-parser": ["eventsource-parser@3.0.6", "", {}, "sha512-Vo1ab+QXPzZ4tCa8SwIHJFaSzy4R6SHf7BY79rFBDf0idraZWAkYrDjDj8uWaSm3S2TK+hJ7/t1CEmZ7jXw+pg=="],

    "json-schema": ["json-schema@0.4.0", "", {}, "sha512-es94M3nTIfsEPisRafak+HDLfHXnKBhV3vU5eqPcS3flIWqcxJWgXHXiey3YrpaNsanY5ei1VoYEbOzijuq9BA=="],

    "undici-types": ["undici-types@7.16.0", "", {}, "sha512-Zz+aZWSj8LE6zoxD+xrjh4VfkIG8Ya6LvYkZqtUQGJPZjYl53ypCaUwWqo7eI0x66KBGeRo+mlBEkMSeSZ38Nw=="],

    "zod": ["zod@4.1.11", "", {}, "sha512-WPsqwxITS2tzx1bzhIKsEs19ABD5vmCVa4xBo2tq/SrV4RNZtfws1EnCWQXM6yh8bD08a1idvkB5MZSBiZsjwg=="],

    "@opencode-ai/plugin/zod": ["zod@4.1.8", "", {}, "sha512-5R1P+WwQqmmMIEACyzSvo4JXHY5WiAFHRMg+zBZKgKS+Q1viRa0C1hmUKtHltoIFKtIdki3pRxkmpP74jnNYHQ=="],
  }
}
