{
  "lockfileVersion": 1,
  "workspaces": {
    "": {
      "name": "opencode",
      "dependencies": {
        "@ai-sdk/google": "^2.0.28",
        "@opencode-ai/plugin": "^1.0.35",
        "ai": "^5.0.88",
      },
      "devDependencies": {
        "@types/node": "^24.10.0",
      },
    },
  },
  "packages": {
    "@ai-sdk/gateway": ["@ai-sdk/gateway@2.0.7", "", { "dependencies": { "@ai-sdk/provider": "2.0.0", "@ai-sdk/provider-utils": "3.0.16", "@vercel/oidc": "3.0.3" }, "peerDependencies": { "zod": "^3.25.76 || ^4.1.8" } }, "sha512-/AI5AKi4vOK9SEb8Z1dfXkhsJ5NAfWsoJQc96B/mzn2KIrjw5occOjIwD06scuhV9xWlghCoXJT1sQD9QH/tyg=="],

    "@ai-sdk/google": ["@ai-sdk/google@2.0.28", "", { "dependencies": { "@ai-sdk/provider": "2.0.0", "@ai-sdk/provider-utils": "3.0.16" }, "peerDependencies": { "zod": "^3.25.76 || ^4.1.8" } }, "sha512-JMP2zm5JJcnaaF1jEMabzVIG7jfphzkqJOq+SINAyiDwlpc0BuUL92M/OaYBPob2QBOpnpGH6h/MCok0VR1dSA=="],

    "@ai-sdk/provider": ["@ai-sdk/provider@2.0.0", "", { "dependencies": { "json-schema": "^0.4.0" } }, "sha512-6o7Y2SeO9vFKB8lArHXehNuusnpddKPk7xqL7T2/b+OvXMRIXUO1rR4wcv1hAFUAT9avGZshty3Wlua/XA7TvA=="],

    "@ai-sdk/provider-utils": ["@ai-sdk/provider-utils@3.0.16", "", { "dependencies": { "@ai-sdk/provider": "2.0.0", "@standard-schema/spec": "^1.0.0", "eventsource-parser": "^3.0.6" }, "peerDependencies": { "zod": "^3.25.76 || ^4.1.8" } }, "sha512-lsWQY9aDXHitw7C1QRYIbVGmgwyT98TF3MfM8alNIXKpdJdi+W782Rzd9f1RyOfgRmZ08gJ2EYNDhWNK7RqpEA=="],

    "@opencode-ai/plugin": ["@opencode-ai/plugin@1.0.35", "", { "dependencies": { "@opencode-ai/sdk": "1.0.35", "zod": "4.1.8" } }, "sha512-vBUjGXLvtfu0Tn/n2ulmvz/QAf90SKAnHOBFBfmnL9c7dUFL+q5CykCTocAq05SCA7CVXZeakzhVcWwO3mdBpw=="],

    "@opencode-ai/sdk": ["@opencode-ai/sdk@1.0.35", "", {}, "sha512-jI0IBC1Ntyr3W+9ZOXUXtv5gQ2V2kTYk4YUcSQtxWcJq1VtHv862Mbw3HbiWgGhJO6ha+upfDmGuquff7EzeeA=="],

    "@opentelemetry/api": ["@opentelemetry/api@1.9.0", "", {}, "sha512-3giAOQvZiH5F9bMlMiv8+GSPMeqg0dbaeo58/0SlA9sxSqZhnUtxzX9/2FzyhS9sWQf5S0GJE0AKBrFqjpeYcg=="],

    "@standard-schema/spec": ["@standard-schema/spec@1.0.0", "", {}, "sha512-m2bOd0f2RT9k8QJx1JN85cZYyH1RqFBdlwtkSlf4tBDYLCiiZnv1fIIwacK6cqwXavOydf0NPToMQgpKq+dVlA=="],

    "@types/node": ["@types/node@24.10.0", "", { "dependencies": { "undici-types": "~7.16.0" } }, "sha512-qzQZRBqkFsYyaSWXuEHc2WR9c0a0CXwiE5FWUvn7ZM+vdy1uZLfCunD38UzhuB7YN/J11ndbDBcTmOdxJo9Q7A=="],

    "@vercel/oidc": ["@vercel/oidc@3.0.3", "", {}, "sha512-yNEQvPcVrK9sIe637+I0jD6leluPxzwJKx/Haw6F4H77CdDsszUn5V3o96LPziXkSNE2B83+Z3mjqGKBK/R6Gg=="],

    "ai": ["ai@5.0.88", "", { "dependencies": { "@ai-sdk/gateway": "2.0.7", "@ai-sdk/provider": "2.0.0", "@ai-sdk/provider-utils": "3.0.16", "@opentelemetry/api": "1.9.0" }, "peerDependencies": { "zod": "^3.25.76 || ^4.1.8" } }, "sha512-72nSwQT6iMgfbblwDo59cmFTtsNzfyMVH9MigeIh5IHiqoDqxRAkv0IBb9XYj6RD52tAJw7Wj/n+LEhezvYqkw=="],

    "eventsource-parser": ["eventsource-parser@3.0.6", "", {}, "sha512-Vo1ab+QXPzZ4tCa8SwIHJFaSzy4R6SHf7BY79rFBDf0idraZWAkYrDjDj8uWaSm3S2TK+hJ7/t1CEmZ7jXw+pg=="],

    "json-schema": ["json-schema@0.4.0", "", {}, "sha512-es94M3nTIfsEPisRafak+HDLfHXnKBhV3vU5eqPcS3flIWqcxJWgXHXiey3YrpaNsanY5ei1VoYEbOzijuq9BA=="],

    "undici-types": ["undici-types@7.16.0", "", {}, "sha512-Zz+aZWSj8LE6zoxD+xrjh4VfkIG8Ya6LvYkZqtUQGJPZjYl53ypCaUwWqo7eI0x66KBGeRo+mlBEkMSeSZ38Nw=="],

    "zod": ["zod@4.1.11", "", {}, "sha512-WPsqwxITS2tzx1bzhIKsEs19ABD5vmCVa4xBo2tq/SrV4RNZtfws1EnCWQXM6yh8bD08a1idvkB5MZSBiZsjwg=="],

    "@opencode-ai/plugin/zod": ["zod@4.1.8", "", {}, "sha512-5R1P+WwQqmmMIEACyzSvo4JXHY5WiAFHRMg+zBZKgKS+Q1viRa0C1hmUKtHltoIFKtIdki3pRxkmpP74jnNYHQ=="],
  }
}
