{
  "lockfileVersion": 1,
  "configVersion": 0,
  "workspaces": {
    "": {
      "name": "opencode",
      "dependencies": {
        "@ai-sdk/google": "^3.0.2",
        "@opencode-ai/plugin": "^1.0.224",
        "ai": "^6.0.5",
      },
      "devDependencies": {
        "@types/node": "^25.0.3",
      },
    },
  },
  "packages": {
    "@ai-sdk/gateway": ["@ai-sdk/gateway@3.0.4", "", { "dependencies": { "@ai-sdk/provider": "3.0.1", "@ai-sdk/provider-utils": "4.0.2", "@vercel/oidc": "3.0.5" }, "peerDependencies": { "zod": "^3.25.76 || ^4.1.8" } }, "sha512-OlccjNYZ5+4FaNyvs0kb3N5H6U/QCKlKPTGsgUo8IZkqfMQu8ALI1XD6l/BCuTKto+OO9xUPObT/W7JhbqJ5nA=="],

    "@ai-sdk/google": ["@ai-sdk/google@3.0.2", "", { "dependencies": { "@ai-sdk/provider": "3.0.1", "@ai-sdk/provider-utils": "4.0.2" }, "peerDependencies": { "zod": "^3.25.76 || ^4.1.8" } }, "sha512-KyV4AR8fBKVCABfav3zGn/PY7cMDMt9m7yYhH+FJ7jLfBrEVdjT4sM0ojPFRHYUelXHl42oOAgpy3GWkeG6vtw=="],

    "@ai-sdk/provider": ["@ai-sdk/provider@3.0.1", "", { "dependencies": { "json-schema": "^0.4.0" } }, "sha512-2lR4w7mr9XrydzxBSjir4N6YMGdXD+Np1Sh0RXABh7tWdNFFwIeRI1Q+SaYZMbfL8Pg8RRLcrxQm51yxTLhokg=="],

    "@ai-sdk/provider-utils": ["@ai-sdk/provider-utils@4.0.2", "", { "dependencies": { "@ai-sdk/provider": "3.0.1", "@standard-schema/spec": "^1.1.0", "eventsource-parser": "^3.0.6" }, "peerDependencies": { "zod": "^3.25.76 || ^4.1.8" } }, "sha512-KaykkuRBdF/ffpI5bwpL4aSCmO/99p8/ci+VeHwJO8tmvXtiVAb99QeyvvvXmL61e9Zrvv4GBGoajW19xdjkVQ=="],

    "@opencode-ai/plugin": ["@opencode-ai/plugin@1.0.224", "", { "dependencies": { "@opencode-ai/sdk": "1.0.224", "zod": "4.1.8" } }, "sha512-V2Su55FI6NGyabFHo853+8r9h66q//gsYWCIODbwRs47qi4VfbFylfddJxQDD+/M/H7w0++ojbQC9YCLNDXdKw=="],

    "@opencode-ai/sdk": ["@opencode-ai/sdk@1.0.224", "", {}, "sha512-gODyWLDTaz38qISxRdJKsEiFqvJNcFzu4/awoSICIl8j8gx6qDxLsYWVp/ToO4LKXTvHMn8yyZpM3ZEdGhDC+g=="],

    "@opentelemetry/api": ["@opentelemetry/api@1.9.0", "", {}, "sha512-3giAOQvZiH5F9bMlMiv8+GSPMeqg0dbaeo58/0SlA9sxSqZhnUtxzX9/2FzyhS9sWQf5S0GJE0AKBrFqjpeYcg=="],

    "@standard-schema/spec": ["@standard-schema/spec@1.1.0", "", {}, "sha512-l2aFy5jALhniG5HgqrD6jXLi/rUWrKvqN/qJx6yoJsgKhblVd+iqqU4RCXavm/jPityDo5TCvKMnpjKnOriy0w=="],

    "@types/node": ["@types/node@25.0.3", "", { "dependencies": { "undici-types": "~7.16.0" } }, "sha512-W609buLVRVmeW693xKfzHeIV6nJGGz98uCPfeXI1ELMLXVeKYZ9m15fAMSaUPBHYLGFsVRcMmSCksQOrZV9BYA=="],

    "@vercel/oidc": ["@vercel/oidc@3.0.5", "", {}, "sha512-fnYhv671l+eTTp48gB4zEsTW/YtRgRPnkI2nT7x6qw5rkI1Lq2hTmQIpHPgyThI0znLK+vX2n9XxKdXZ7BUbbw=="],

    "ai": ["ai@6.0.5", "", { "dependencies": { "@ai-sdk/gateway": "3.0.4", "@ai-sdk/provider": "3.0.1", "@ai-sdk/provider-utils": "4.0.2", "@opentelemetry/api": "1.9.0" }, "peerDependencies": { "zod": "^3.25.76 || ^4.1.8" } }, "sha512-CKL3dDHedWskC6EY67LrULonZBU9vL+Bwa+xQEcprBhJfxpogntG3utjiAkYuy5ZQatyWk+SmWG8HLvcnhvbRg=="],

    "eventsource-parser": ["eventsource-parser@3.0.6", "", {}, "sha512-Vo1ab+QXPzZ4tCa8SwIHJFaSzy4R6SHf7BY79rFBDf0idraZWAkYrDjDj8uWaSm3S2TK+hJ7/t1CEmZ7jXw+pg=="],

    "json-schema": ["json-schema@0.4.0", "", {}, "sha512-es94M3nTIfsEPisRafak+HDLfHXnKBhV3vU5eqPcS3flIWqcxJWgXHXiey3YrpaNsanY5ei1VoYEbOzijuq9BA=="],

    "undici-types": ["undici-types@7.16.0", "", {}, "sha512-Zz+aZWSj8LE6zoxD+xrjh4VfkIG8Ya6LvYkZqtUQGJPZjYl53ypCaUwWqo7eI0x66KBGeRo+mlBEkMSeSZ38Nw=="],

    "zod": ["zod@4.1.11", "", {}, "sha512-WPsqwxITS2tzx1bzhIKsEs19ABD5vmCVa4xBo2tq/SrV4RNZtfws1EnCWQXM6yh8bD08a1idvkB5MZSBiZsjwg=="],

    "@opencode-ai/plugin/zod": ["zod@4.1.8", "", {}, "sha512-5R1P+WwQqmmMIEACyzSvo4JXHY5WiAFHRMg+zBZKgKS+Q1viRa0C1hmUKtHltoIFKtIdki3pRxkmpP74jnNYHQ=="],
  }
}
